github.com/aaronland/go-artisanal-integers v0.1.1 h1:bLQmWqcqgPT1NOJFwJtZZ9O/QTnttO54ODiWIVuOW1Y=
github.com/aaronland/go-artisanal-integers v0.1.1/go.mod h1:ZTeFI+Ck+q+Dp11Htld5aU6V+YwEzxzprsBO0t9GPp8=
github.com/aaronland/go-artisanal-integers-proxy v0.2.2 h1:O1QRK3F3TfccQCPY5OQ1C5VdK3/WWPYDaIBIsbynKcA=
github.com/aaronland/go-artisanal-integers-proxy v0.2.2/go.mod h1:v3GTGSOwl+yRJPg7oNJIyxf/FB4jO0qBB3wznokUWn0=
github.com/aaronland/go-brooklynintegers-api v1.1.0 h1:eyoSZjn3Qiy79H+1rG/HtkEShNBZkPUWs4YKpFWkuD8=
github.com/aaronland/go-brooklynintegers-api v1.1.0/go.mod h1:agceH8JW8PcdHGCyKEDmOntccB3m7xUKrUejHpxAs6U=
github.com/aaronland/go-londonintegers-api v0.1.1 h1:/pRWI1FvcOuxsTkK4HY6xUiMPWQlQC7aozJTmf6f2Rk=
github.com/aaronland/go-londonintegers-api v0.1.1/go.mod h1:N7Y0jrx+ouRAMrFcdH4nvJH6vrszj8/3yOOe0F8EV1E=
github.com/aaronland/go-missionintegers-api v0.1.1 h1:zn6ohxxdUp3UXD8kv7ZXceS6CbGemtyDjvMT1VLezKI=
github.com/aaronland/go-missionintegers-api v0.1.1/go.mod h1:CvByrizvklOxK6QD+Z4RNqACxHqqVjiB/GdWQfrB4Mc=
github.com/aaronland/go-pool v0.0.0-20191128211702-88306299c758 h1:m/JUyvxsCbgOyhecvs9WXFvZy9dj8BKu4T96J53d/ao=
github.com/aaronland/go-pool v0.0.0-20191128211702-88306299c758/go.mod h1:hL9EPOZJ6WVHaz7D0Jw1Dn1vaCOOSZNrYBTKMgDKYRk=
github.com/aaronland/go-pool-boltdb v0.0.0-20200221230950-c6d4311b93b7 h1:CzQKVz4UsparNv3tFRpqqfz+24L9nZ3wrKH47IewBgQ=
github.com/aaronland/go-pool-boltdb v0.0.0-20200221230950-c6d4311b93b7/go.mod h1:EEQFGcav79c7oktozWhDWe+c/6raE1lFhsVJ69a4MY8=
github.com/aaronland/go-roster v0.0.1 h1:r1l4n1HfWvEtOXZvhfXX0Won9Xf6QJsigdUdzOtuy/M=
github.com/aaronland/go-roster v0.0.1/go.mod h1:AcovpxlG1XxJxX2Fjqlm63fEIBhCjEIBV4lP87FZDmI=
github.com/boltdb/bolt v1.3.1 h1:JQmyP4ZBrce+ZQu0dY660FMfatumYDLun9hBCUVIkF4=
github.com/boltdb/bolt v1.3.1/go.mod h1:clJnj/oiGkjum5o1McbSZDSLxVThjynRyGBgiAx27Ps=
github.com/tidwall/gjson v1.3.5 h1:2oW9FBNu8qt9jy5URgrzsVx/T/KSn3qn/smJQ0crlDQ=
github.com/tidwall/gjson v1.3.5/go.mod h1:P256ACg0Mn+j1RXIDXoss50DeIABTYK1PULOJHhxOls=
github.com/tidwall/match v1.0.1 h1:PnKP62LPNxHKTwvHHZZzdOAOCtsJTjo6dZLCwpKm5xc=
github.com/tidwall/match v1.0.1/go.mod h1:LujAq0jyVjBy028G1WhWfIzbpQfMO8bBZ6Tyb0+pL9E=
github.com/tidwall/pretty v1.0.0 h1:HsD+QiTn7sK6flMKIvNmpqz1qrpP3Ps6jOKIKMooyg4=
github.com/tidwall/pretty v1.0.0/go.mod h1:XNkn88O1ChpSDQmQeStsy+sBenx6DDtFZJxhVysOjyk=
github.com/whosonfirst/go-whosonfirst-log v0.1.0 h1:mWYI5hn16uyeLxBmPsLSvYV4rQKK/cxGVhM+bC2ZoGc=
github.com/whosonfirst/go-whosonfirst-log v0.1.0/go.mod h1:pmgBbxZSnjGVy2nsUJBBMcFagxwIKLlmRsW7ClkXmac=
github.com/whosonfirst/go-whosonfirst-pool v0.1.0/go.mod h1:6LeQYv7hVK16LVevMuOuaLRfgI3JDtaoVxaMMVqRS38=
golang.org/x/sys v0.0.0-20190516110030-61b9204099cb h1:k07iPOt0d6nEnwXF+kHB+iEg+WSuKe/SOQuFM2QoD+E=
golang.org/x/sys v0.0.0-20190516110030-61b9204099cb/go.mod h1:h1NjWce9XRLGQEsW7wpKNCjG9DtNlClVuFLEZdDNbEs=
